
Microsoft Visual Studio Solution File, Format Version 12.00
# Visual Studio Version 17
VisualStudioVersion = 17.10.35122.118
MinimumVisualStudioVersion = 10.0.40219.1
Project("{2150E333-8FDC-42A3-9474-1A3956D46DE8}") = "src", "src", "{38879F41-3763-4AD0-899E-A71A066C397B}"
EndProject
Project("{2150E333-8FDC-42A3-9474-1A3956D46DE8}") = "tests", "tests", "{59202817-8533-44BB-B9CF-05FE56AF9E8E}"
EndProject
Project("{FAE04EC0-301F-11D3-BF4B-00C04F79EFBC}") = "Api", "Api\Api.csproj", "{B47CAE24-0DDB-4CFF-A55B-8561288AF205}"
EndProject
Project("{FAE04EC0-301F-11D3-BF4B-00C04F79EFBC}") = "Domain", "Domain\Domain.csproj", "{994D0961-B410-4FBC-B6F2-9EA98B8C9A82}"
EndProject
Project("{FAE04EC0-301F-11D3-BF4B-00C04F79EFBC}") = "Infrastructure", "Infrastructure\Infrastructure.csproj", "{F8418ADB-A941-4434-9227-537C6883307E}"
EndProject
Project("{FAE04EC0-301F-11D3-BF4B-00C04F79EFBC}") = "Application", "Application\Application.csproj", "{FD1E894B-F3C2-428C-A3D7-412BA7CABFF2}"
EndProject
Global
	GlobalSection(SolutionConfigurationPlatforms) = preSolution
		Debug|Any CPU = Debug|Any CPU
		Release|Any CPU = Release|Any CPU
	EndGlobalSection
	GlobalSection(ProjectConfigurationPlatforms) = postSolution
		{B47CAE24-0DDB-4CFF-A55B-8561288AF205}.Debug|Any CPU.ActiveCfg = Debug|Any CPU
		{B47CAE24-0DDB-4CFF-A55B-8561288AF205}.Debug|Any CPU.Build.0 = Debug|Any CPU
		{B47CAE24-0DDB-4CFF-A55B-8561288AF205}.Release|Any CPU.ActiveCfg = Release|Any CPU
		{B47CAE24-0DDB-4CFF-A55B-8561288AF205}.Release|Any CPU.Build.0 = Release|Any CPU
		{994D0961-B410-4FBC-B6F2-9EA98B8C9A82}.Debug|Any CPU.ActiveCfg = Debug|Any CPU
		{994D0961-B410-4FBC-B6F2-9EA98B8C9A82}.Debug|Any CPU.Build.0 = Debug|Any CPU
		{994D0961-B410-4FBC-B6F2-9EA98B8C9A82}.Release|Any CPU.ActiveCfg = Release|Any CPU
		{994D0961-B410-4FBC-B6F2-9EA98B8C9A82}.Release|Any CPU.Build.0 = Release|Any CPU
		{F8418ADB-A941-4434-9227-537C6883307E}.Debug|Any CPU.ActiveCfg = Debug|Any CPU
		{F8418ADB-A941-4434-9227-537C6883307E}.Debug|Any CPU.Build.0 = Debug|Any CPU
		{F8418ADB-A941-4434-9227-537C6883307E}.Release|Any CPU.ActiveCfg = Release|Any CPU
		{F8418ADB-A941-4434-9227-537C6883307E}.Release|Any CPU.Build.0 = Release|Any CPU
		{FD1E894B-F3C2-428C-A3D7-412BA7CABFF2}.Debug|Any CPU.ActiveCfg = Debug|Any CPU
		{FD1E894B-F3C2-428C-A3D7-412BA7CABFF2}.Debug|Any CPU.Build.0 = Debug|Any CPU
		{FD1E894B-F3C2-428C-A3D7-412BA7CABFF2}.Release|Any CPU.ActiveCfg = Release|Any CPU
		{FD1E894B-F3C2-428C-A3D7-412BA7CABFF2}.Release|Any CPU.Build.0 = Release|Any CPU
	EndGlobalSection
	GlobalSection(SolutionProperties) = preSolution
		HideSolutionNode = FALSE
	EndGlobalSection
	GlobalSection(NestedProjects) = preSolution
		{B47CAE24-0DDB-4CFF-A55B-8561288AF205} = {38879F41-3763-4AD0-899E-A71A066C397B}
		{994D0961-B410-4FBC-B6F2-9EA98B8C9A82} = {38879F41-3763-4AD0-899E-A71A066C397B}
		{F8418ADB-A941-4434-9227-537C6883307E} = {38879F41-3763-4AD0-899E-A71A066C397B}
		{FD1E894B-F3C2-428C-A3D7-412BA7CABFF2} = {38879F41-3763-4AD0-899E-A71A066C397B}
	EndGlobalSection
	GlobalSection(ExtensibilityGlobals) = postSolution
		SolutionGuid = {3793A277-71B9-4294-AEEC-A0F047AD2B2B}
	EndGlobalSection
EndGlobal
